// !$*UTF8*$!
{
	archiveVersion = 1;
	classes = {
	};
	objectVersion = 46;
	objects = {

/* Begin PBXBuildFile section */
		0A09CD3B165CA6A0006DBF25 /* main.m in Sources */ = {isa = PBXBuildFile; fileRef = 0A85E92A165CA46900983D56 /* main.m */; };
		0A09CD47165CAB7C006DBF25 /* Icon.png in Resources */ = {isa = PBXBuildFile; fileRef = 0A09CD45165CAB7C006DBF25 /* Icon.png */; };
		0A09CD48165CAB7C006DBF25 /* Icon@2x.png in Resources */ = {isa = PBXBuildFile; fileRef = 0A09CD46165CAB7C006DBF25 /* Icon@2x.png */; };
		0A1A5F49166C752D0069017A /* FCUser.m in Sources */ = {isa = PBXBuildFile; fileRef = 0A1A5F48166C752D0069017A /* FCUser.m */; };
		0A1A5F4D166D89E80069017A /* FCGraph.m in Sources */ = {isa = PBXBuildFile; fileRef = 0A1A5F4C166D89E80069017A /* FCGraph.m */; };
		0A1A5F66166DDDEB0069017A /* FCGift.m in Sources */ = {isa = PBXBuildFile; fileRef = 0A1A5F65166DDDEB0069017A /* FCGift.m */; };
		0A24C4BF16675B46001AE0F1 /* bluebutton.png in Resources */ = {isa = PBXBuildFile; fileRef = 0A24C4BB16675B46001AE0F1 /* bluebutton.png */; };
		0A24C4C016675B46001AE0F1 /* bluebutton@2x.png in Resources */ = {isa = PBXBuildFile; fileRef = 0A24C4BC16675B46001AE0F1 /* bluebutton@2x.png */; };
		0A24C4C116675B46001AE0F1 /* graybutton.png in Resources */ = {isa = PBXBuildFile; fileRef = 0A24C4BD16675B46001AE0F1 /* graybutton.png */; };
		0A24C4C216675B46001AE0F1 /* graybutton@2x.png in Resources */ = {isa = PBXBuildFile; fileRef = 0A24C4BE16675B46001AE0F1 /* graybutton@2x.png */; };
		0A30B14616615E3800CE472C /* FCCarousel.m in Sources */ = {isa = PBXBuildFile; fileRef = 0A30B14516615E3800CE472C /* FCCarousel.m */; };
		0A30B14916615EAD00CE472C /* FCCarouselBannerView.m in Sources */ = {isa = PBXBuildFile; fileRef = 0A30B14816615EAD00CE472C /* FCCarouselBannerView.m */; };
		0A30B14C16615F0200CE472C /* FCCarouselIconView.m in Sources */ = {isa = PBXBuildFile; fileRef = 0A30B14B16615F0200CE472C /* FCCarouselIconView.m */; };
		0A362A0F166EAD9500552368 /* FCGiftListViewController.m in Sources */ = {isa = PBXBuildFile; fileRef = 0A362A0E166EAD9500552368 /* FCGiftListViewController.m */; };
		0A362A2E166ED57800552368 /* FCRedemptionViewController.m in Sources */ = {isa = PBXBuildFile; fileRef = 0A362A2D166ED57800552368 /* FCRedemptionViewController.m */; };
		0A362A33166ED90000552368 /* FCImageNavView.m in Sources */ = {isa = PBXBuildFile; fileRef = 0A362A32166ED90000552368 /* FCImageNavView.m */; };
		0A691E4E165CA4AF00839686 /* InfoPlist.strings in Resources */ = {isa = PBXBuildFile; fileRef = 0A691E4A165CA4AF00839686 /* InfoPlist.strings */; };
		0A691E5A165CA55300839686 /* FCAppDelegate.m in Sources */ = {isa = PBXBuildFile; fileRef = 0A691E59165CA55300839686 /* FCAppDelegate.m */; };
		0A85E8E7165C9FAC00983D56 /* UIKit.framework in Frameworks */ = {isa = PBXBuildFile; fileRef = 0A85E8E6165C9FAC00983D56 /* UIKit.framework */; };
		0A85E8E9165C9FAC00983D56 /* Foundation.framework in Frameworks */ = {isa = PBXBuildFile; fileRef = 0A85E8E8165C9FAC00983D56 /* Foundation.framework */; };
		0A85E8EB165C9FAC00983D56 /* CoreGraphics.framework in Frameworks */ = {isa = PBXBuildFile; fileRef = 0A85E8EA165C9FAC00983D56 /* CoreGraphics.framework */; };
		0A85E922165CA2FB00983D56 /* Default-568h@2x.png in Resources */ = {isa = PBXBuildFile; fileRef = 0A85E91B165CA2FB00983D56 /* Default-568h@2x.png */; };
		0A85E923165CA2FB00983D56 /* Default.png in Resources */ = {isa = PBXBuildFile; fileRef = 0A85E91C165CA2FB00983D56 /* Default.png */; };
		0A85E924165CA2FB00983D56 /* Default@2x.png in Resources */ = {isa = PBXBuildFile; fileRef = 0A85E91D165CA2FB00983D56 /* Default@2x.png */; };
		0AA9A16F1662D9BA0082B941 /* FCProductViewController.m in Sources */ = {isa = PBXBuildFile; fileRef = 0AA9A16E1662D9BA0082B941 /* FCProductViewController.m */; };
		0AAA544B166331FB00180E7F /* FCProductCategoryViewController.m in Sources */ = {isa = PBXBuildFile; fileRef = 0AAA544A166331FB00180E7F /* FCProductCategoryViewController.m */; };
		0AAA544E1663367800180E7F /* FCIconCell.xib in Resources */ = {isa = PBXBuildFile; fileRef = 0AAA544D1663367800180E7F /* FCIconCell.xib */; };
		0AAA545116633F1100180E7F /* FCIconCell.m in Sources */ = {isa = PBXBuildFile; fileRef = 0AAA545016633F1100180E7F /* FCIconCell.m */; };
		0AAD57ED165EBC04009E250F /* blanknavbarbg.png in Resources */ = {isa = PBXBuildFile; fileRef = 0AAD57EB165EBC04009E250F /* blanknavbarbg.png */; };
		0AAD57EE165EBC04009E250F /* blanknavbarbg@2x.png in Resources */ = {isa = PBXBuildFile; fileRef = 0AAD57EC165EBC04009E250F /* blanknavbarbg@2x.png */; };
		0AAD57F5165EC946009E250F /* giftsmall.png in Resources */ = {isa = PBXBuildFile; fileRef = 0AAD57F3165EC946009E250F /* giftsmall.png */; };
		0AAD57F6165EC946009E250F /* giftsmall@2x.png in Resources */ = {isa = PBXBuildFile; fileRef = 0AAD57F4165EC946009E250F /* giftsmall@2x.png */; };
		0AAD57F9165ED2D2009E250F /* tabBarGift.png in Resources */ = {isa = PBXBuildFile; fileRef = 0AAD57F7165ED2D2009E250F /* tabBarGift.png */; };
		0AAD57FA165ED2D2009E250F /* tabBarGift@2x.png in Resources */ = {isa = PBXBuildFile; fileRef = 0AAD57F8165ED2D2009E250F /* tabBarGift@2x.png */; };
		0AAD57FD165ED301009E250F /* tabBarPeople.png in Resources */ = {isa = PBXBuildFile; fileRef = 0AAD57FB165ED301009E250F /* tabBarPeople.png */; };
		0AAD57FE165ED301009E250F /* tabBarPeople@2x.png in Resources */ = {isa = PBXBuildFile; fileRef = 0AAD57FC165ED301009E250F /* tabBarPeople@2x.png */; };
		0AAD5817165EDFF9009E250F /* FCImage.m in Sources */ = {isa = PBXBuildFile; fileRef = 0AAD5816165EDFF9009E250F /* FCImage.m */; };
		0AAD582F165EE52E009E250F /* FCNetwork.m in Sources */ = {isa = PBXBuildFile; fileRef = 0AAD582E165EE52E009E250F /* FCNetwork.m */; };
		0AAD585F165EFF86009E250F /* FCCatalogViewController.m in Sources */ = {isa = PBXBuildFile; fileRef = 0AAD585C165EFF6B009E250F /* FCCatalogViewController.m */; };
		0AAD5860165EFF89009E250F /* FCGiftNavigationController.m in Sources */ = {isa = PBXBuildFile; fileRef = 0AAD585E165EFF75009E250F /* FCGiftNavigationController.m */; };
		0AAD5864165EFFA3009E250F /* FCImageView.m in Sources */ = {isa = PBXBuildFile; fileRef = 0AAD5863165EFFA3009E250F /* FCImageView.m */; };
		0AAD5867165F0024009E250F /* FCPeopleNavigationController.m in Sources */ = {isa = PBXBuildFile; fileRef = 0AAD5866165EFFB3009E250F /* FCPeopleNavigationController.m */; };
		0AAD5889165F642B009E250F /* FCProduct.m in Sources */ = {isa = PBXBuildFile; fileRef = 0AAD5888165F642B009E250F /* FCProduct.m */; };
		0AAD588D165F6510009E250F /* FCVendor.m in Sources */ = {isa = PBXBuildFile; fileRef = 0AAD588C165F6510009E250F /* FCVendor.m */; };
		0AAD58B1165F69A3009E250F /* FCCatalog.m in Sources */ = {isa = PBXBuildFile; fileRef = 0AAD58B0165F69A3009E250F /* FCCatalog.m */; };
		0AAD58B516603839009E250F /* FCProductCategory.m in Sources */ = {isa = PBXBuildFile; fileRef = 0AAD58B416603839009E250F /* FCProductCategory.m */; };
		0AC820FD16674B4C0011F5AB /* textboxbg.png in Resources */ = {isa = PBXBuildFile; fileRef = 0AC820FB16674B4C0011F5AB /* textboxbg.png */; };
		0AC820FE16674B4C0011F5AB /* textboxbg@2x.png in Resources */ = {isa = PBXBuildFile; fileRef = 0AC820FC16674B4C0011F5AB /* textboxbg@2x.png */; };
		0ADF459C1664BA4200E0C0FA /* FCSplashViewController.m in Sources */ = {isa = PBXBuildFile; fileRef = 0ADF459B1664BA4200E0C0FA /* FCSplashViewController.m */; };
		0ADF45A01664BC2600E0C0FA /* QuartzCore.framework in Frameworks */ = {isa = PBXBuildFile; fileRef = 0ADF459E1664BC1900E0C0FA /* QuartzCore.framework */; };
		0ADF45A31664C0C900E0C0FA /* givairlarge.png in Resources */ = {isa = PBXBuildFile; fileRef = 0ADF45A11664C0C900E0C0FA /* givairlarge.png */; };
		0ADF45A41664C0C900E0C0FA /* givairlarge@2x.png in Resources */ = {isa = PBXBuildFile; fileRef = 0ADF45A21664C0C900E0C0FA /* givairlarge@2x.png */; };
		0AE9B4EC166206A4009D6B5B /* MYRIADAS.TTF in Resources */ = {isa = PBXBuildFile; fileRef = 0AE9B4EB166206A4009D6B5B /* MYRIADAS.TTF */; };
		0AE9B4EE166208DC009D6B5B /* MYRIADAB.TTF in Resources */ = {isa = PBXBuildFile; fileRef = 0AE9B4ED166208DC009D6B5B /* MYRIADAB.TTF */; };
		4084823F16B8C92D00E31C3C /* PullableView.m in Sources */ = {isa = PBXBuildFile; fileRef = 4084823C16B8C92D00E31C3C /* PullableView.m */; };
		4084824016B8C92D00E31C3C /* StyledPullableView.m in Sources */ = {isa = PBXBuildFile; fileRef = 4084823E16B8C92D00E31C3C /* StyledPullableView.m */; };
		4084824316B8D2FB00E31C3C /* background.png in Resources */ = {isa = PBXBuildFile; fileRef = 4084824116B8D2FB00E31C3C /* background.png */; };
		4084824416B8D2FB00E31C3C /* background@2x.png in Resources */ = {isa = PBXBuildFile; fileRef = 4084824216B8D2FB00E31C3C /* background@2x.png */; };
/* End PBXBuildFile section */

/* Begin PBXFileReference section */
		0A09CD45165CAB7C006DBF25 /* Icon.png */ = {isa = PBXFileReference; lastKnownFileType = image.png; name = Icon.png; path = Givair/img/Icon.png; sourceTree = "<group>"; };
		0A09CD46165CAB7C006DBF25 /* Icon@2x.png */ = {isa = PBXFileReference; lastKnownFileType = image.png; name = "Icon@2x.png"; path = "Givair/img/Icon@2x.png"; sourceTree = "<group>"; };
		0A1A5F47166C752D0069017A /* FCUser.h */ = {isa = PBXFileReference; fileEncoding = 4; lastKnownFileType = sourcecode.c.h; name = FCUser.h; path = src/model/FCUser.h; sourceTree = "<group>"; };
		0A1A5F48166C752D0069017A /* FCUser.m */ = {isa = PBXFileReference; fileEncoding = 4; lastKnownFileType = sourcecode.c.objc; name = FCUser.m; path = src/model/FCUser.m; sourceTree = "<group>"; };
		0A1A5F4B166D89E80069017A /* FCGraph.h */ = {isa = PBXFileReference; fileEncoding = 4; lastKnownFileType = sourcecode.c.h; name = FCGraph.h; path = src/model/FCGraph.h; sourceTree = "<group>"; };
		0A1A5F4C166D89E80069017A /* FCGraph.m */ = {isa = PBXFileReference; fileEncoding = 4; lastKnownFileType = sourcecode.c.objc; name = FCGraph.m; path = src/model/FCGraph.m; sourceTree = "<group>"; };
		0A1A5F64166DDDEB0069017A /* FCGift.h */ = {isa = PBXFileReference; fileEncoding = 4; lastKnownFileType = sourcecode.c.h; name = FCGift.h; path = src/model/FCGift.h; sourceTree = "<group>"; };
		0A1A5F65166DDDEB0069017A /* FCGift.m */ = {isa = PBXFileReference; fileEncoding = 4; lastKnownFileType = sourcecode.c.objc; name = FCGift.m; path = src/model/FCGift.m; sourceTree = "<group>"; };
		0A24C4BB16675B46001AE0F1 /* bluebutton.png */ = {isa = PBXFileReference; lastKnownFileType = image.png; name = bluebutton.png; path = img/bluebutton.png; sourceTree = "<group>"; };
		0A24C4BC16675B46001AE0F1 /* bluebutton@2x.png */ = {isa = PBXFileReference; lastKnownFileType = image.png; name = "bluebutton@2x.png"; path = "img/bluebutton@2x.png"; sourceTree = "<group>"; };
		0A24C4BD16675B46001AE0F1 /* graybutton.png */ = {isa = PBXFileReference; lastKnownFileType = image.png; name = graybutton.png; path = img/graybutton.png; sourceTree = "<group>"; };
		0A24C4BE16675B46001AE0F1 /* graybutton@2x.png */ = {isa = PBXFileReference; lastKnownFileType = image.png; name = "graybutton@2x.png"; path = "img/graybutton@2x.png"; sourceTree = "<group>"; };
		0A30B14416615E3800CE472C /* FCCarousel.h */ = {isa = PBXFileReference; fileEncoding = 4; lastKnownFileType = sourcecode.c.h; path = FCCarousel.h; sourceTree = "<group>"; };
		0A30B14516615E3800CE472C /* FCCarousel.m */ = {isa = PBXFileReference; fileEncoding = 4; lastKnownFileType = sourcecode.c.objc; path = FCCarousel.m; sourceTree = "<group>"; };
		0A30B14716615EAD00CE472C /* FCCarouselBannerView.h */ = {isa = PBXFileReference; fileEncoding = 4; lastKnownFileType = sourcecode.c.h; path = FCCarouselBannerView.h; sourceTree = "<group>"; };
		0A30B14816615EAD00CE472C /* FCCarouselBannerView.m */ = {isa = PBXFileReference; fileEncoding = 4; lastKnownFileType = sourcecode.c.objc; path = FCCarouselBannerView.m; sourceTree = "<group>"; };
		0A30B14A16615F0200CE472C /* FCCarouselIconView.h */ = {isa = PBXFileReference; fileEncoding = 4; lastKnownFileType = sourcecode.c.h; path = FCCarouselIconView.h; sourceTree = "<group>"; };
		0A30B14B16615F0200CE472C /* FCCarouselIconView.m */ = {isa = PBXFileReference; fileEncoding = 4; lastKnownFileType = sourcecode.c.objc; path = FCCarouselIconView.m; sourceTree = "<group>"; };
		0A30B14D16615F6900CE472C /* FCCarouselObject.h */ = {isa = PBXFileReference; lastKnownFileType = sourcecode.c.h; path = FCCarouselObject.h; sourceTree = "<group>"; };
		0A362A0D166EAD9500552368 /* FCGiftListViewController.h */ = {isa = PBXFileReference; fileEncoding = 4; lastKnownFileType = sourcecode.c.h; path = FCGiftListViewController.h; sourceTree = "<group>"; };
		0A362A0E166EAD9500552368 /* FCGiftListViewController.m */ = {isa = PBXFileReference; fileEncoding = 4; lastKnownFileType = sourcecode.c.objc; path = FCGiftListViewController.m; sourceTree = "<group>"; };
		0A362A2C166ED57800552368 /* FCRedemptionViewController.h */ = {isa = PBXFileReference; fileEncoding = 4; lastKnownFileType = sourcecode.c.h; path = FCRedemptionViewController.h; sourceTree = "<group>"; };
		0A362A2D166ED57800552368 /* FCRedemptionViewController.m */ = {isa = PBXFileReference; fileEncoding = 4; lastKnownFileType = sourcecode.c.objc; path = FCRedemptionViewController.m; sourceTree = "<group>"; };
		0A362A31166ED90000552368 /* FCImageNavView.h */ = {isa = PBXFileReference; fileEncoding = 4; lastKnownFileType = sourcecode.c.h; path = FCImageNavView.h; sourceTree = "<group>"; };
		0A362A32166ED90000552368 /* FCImageNavView.m */ = {isa = PBXFileReference; fileEncoding = 4; lastKnownFileType = sourcecode.c.objc; path = FCImageNavView.m; sourceTree = "<group>"; };
		0A691E4B165CA4AF00839686 /* en */ = {isa = PBXFileReference; lastKnownFileType = text.plist.strings; name = en; path = gui/en.lproj/InfoPlist.strings; sourceTree = "<group>"; };
		0A691E58165CA55300839686 /* FCAppDelegate.h */ = {isa = PBXFileReference; fileEncoding = 4; lastKnownFileType = sourcecode.c.h; name = FCAppDelegate.h; path = src/FCAppDelegate.h; sourceTree = "<group>"; };
		0A691E59165CA55300839686 /* FCAppDelegate.m */ = {isa = PBXFileReference; fileEncoding = 4; lastKnownFileType = sourcecode.c.objc; name = FCAppDelegate.m; path = src/FCAppDelegate.m; sourceTree = "<group>"; };
		0A85E8E2165C9FAC00983D56 /* Givair.app */ = {isa = PBXFileReference; explicitFileType = wrapper.application; includeInIndex = 0; path = Givair.app; sourceTree = BUILT_PRODUCTS_DIR; };
		0A85E8E6165C9FAC00983D56 /* UIKit.framework */ = {isa = PBXFileReference; lastKnownFileType = wrapper.framework; name = UIKit.framework; path = System/Library/Frameworks/UIKit.framework; sourceTree = SDKROOT; };
		0A85E8E8165C9FAC00983D56 /* Foundation.framework */ = {isa = PBXFileReference; lastKnownFileType = wrapper.framework; name = Foundation.framework; path = System/Library/Frameworks/Foundation.framework; sourceTree = SDKROOT; };
		0A85E8EA165C9FAC00983D56 /* CoreGraphics.framework */ = {isa = PBXFileReference; lastKnownFileType = wrapper.framework; name = CoreGraphics.framework; path = System/Library/Frameworks/CoreGraphics.framework; sourceTree = SDKROOT; };
		0A85E91B165CA2FB00983D56 /* Default-568h@2x.png */ = {isa = PBXFileReference; lastKnownFileType = image.png; name = "Default-568h@2x.png"; path = "img/Default-568h@2x.png"; sourceTree = "<group>"; };
		0A85E91C165CA2FB00983D56 /* Default.png */ = {isa = PBXFileReference; lastKnownFileType = image.png; name = Default.png; path = img/Default.png; sourceTree = "<group>"; };
		0A85E91D165CA2FB00983D56 /* Default@2x.png */ = {isa = PBXFileReference; lastKnownFileType = image.png; name = "Default@2x.png"; path = "img/Default@2x.png"; sourceTree = "<group>"; };
		0A85E929165CA46900983D56 /* Info.plist */ = {isa = PBXFileReference; lastKnownFileType = text.plist.xml; name = Info.plist; path = misc/Info.plist; sourceTree = "<group>"; };
		0A85E92A165CA46900983D56 /* main.m */ = {isa = PBXFileReference; lastKnownFileType = sourcecode.c.objc; name = main.m; path = misc/main.m; sourceTree = "<group>"; };
		0A85E92B165CA46900983D56 /* Prefix.pch */ = {isa = PBXFileReference; lastKnownFileType = sourcecode.c.h; name = Prefix.pch; path = misc/Prefix.pch; sourceTree = "<group>"; };
		0AA9A16D1662D9BA0082B941 /* FCProductViewController.h */ = {isa = PBXFileReference; fileEncoding = 4; lastKnownFileType = sourcecode.c.h; path = FCProductViewController.h; sourceTree = "<group>"; };
		0AA9A16E1662D9BA0082B941 /* FCProductViewController.m */ = {isa = PBXFileReference; fileEncoding = 4; lastKnownFileType = sourcecode.c.objc; path = FCProductViewController.m; sourceTree = "<group>"; };
		0AAA5449166331FB00180E7F /* FCProductCategoryViewController.h */ = {isa = PBXFileReference; fileEncoding = 4; lastKnownFileType = sourcecode.c.h; path = FCProductCategoryViewController.h; sourceTree = "<group>"; };
		0AAA544A166331FB00180E7F /* FCProductCategoryViewController.m */ = {isa = PBXFileReference; fileEncoding = 4; lastKnownFileType = sourcecode.c.objc; path = FCProductCategoryViewController.m; sourceTree = "<group>"; };
		0AAA544D1663367800180E7F /* FCIconCell.xib */ = {isa = PBXFileReference; fileEncoding = 4; lastKnownFileType = file.xib; name = FCIconCell.xib; path = gui/FCIconCell.xib; sourceTree = "<group>"; };
		0AAA544F16633F1100180E7F /* FCIconCell.h */ = {isa = PBXFileReference; fileEncoding = 4; lastKnownFileType = sourcecode.c.h; path = FCIconCell.h; sourceTree = "<group>"; };
		0AAA545016633F1100180E7F /* FCIconCell.m */ = {isa = PBXFileReference; fileEncoding = 4; lastKnownFileType = sourcecode.c.objc; path = FCIconCell.m; sourceTree = "<group>"; };
		0AAD57EB165EBC04009E250F /* blanknavbarbg.png */ = {isa = PBXFileReference; lastKnownFileType = image.png; name = blanknavbarbg.png; path = img/blanknavbarbg.png; sourceTree = "<group>"; };
		0AAD57EC165EBC04009E250F /* blanknavbarbg@2x.png */ = {isa = PBXFileReference; lastKnownFileType = image.png; name = "blanknavbarbg@2x.png"; path = "img/blanknavbarbg@2x.png"; sourceTree = "<group>"; };
		0AAD57F3165EC946009E250F /* giftsmall.png */ = {isa = PBXFileReference; lastKnownFileType = image.png; name = giftsmall.png; path = img/giftsmall.png; sourceTree = "<group>"; };
		0AAD57F4165EC946009E250F /* giftsmall@2x.png */ = {isa = PBXFileReference; lastKnownFileType = image.png; name = "giftsmall@2x.png"; path = "img/giftsmall@2x.png"; sourceTree = "<group>"; };
		0AAD57F7165ED2D2009E250F /* tabBarGift.png */ = {isa = PBXFileReference; lastKnownFileType = image.png; name = tabBarGift.png; path = img/tabBarGift.png; sourceTree = "<group>"; };
		0AAD57F8165ED2D2009E250F /* tabBarGift@2x.png */ = {isa = PBXFileReference; lastKnownFileType = image.png; name = "tabBarGift@2x.png"; path = "img/tabBarGift@2x.png"; sourceTree = "<group>"; };
		0AAD57FB165ED301009E250F /* tabBarPeople.png */ = {isa = PBXFileReference; lastKnownFileType = image.png; name = tabBarPeople.png; path = img/tabBarPeople.png; sourceTree = "<group>"; };
		0AAD57FC165ED301009E250F /* tabBarPeople@2x.png */ = {isa = PBXFileReference; lastKnownFileType = image.png; name = "tabBarPeople@2x.png"; path = "img/tabBarPeople@2x.png"; sourceTree = "<group>"; };
		0AAD5815165EDFF9009E250F /* FCImage.h */ = {isa = PBXFileReference; fileEncoding = 4; lastKnownFileType = sourcecode.c.h; name = FCImage.h; path = src/model/FCImage.h; sourceTree = "<group>"; };
		0AAD5816165EDFF9009E250F /* FCImage.m */ = {isa = PBXFileReference; fileEncoding = 4; lastKnownFileType = sourcecode.c.objc; name = FCImage.m; path = src/model/FCImage.m; sourceTree = "<group>"; };
		0AAD582D165EE52E009E250F /* FCNetwork.h */ = {isa = PBXFileReference; fileEncoding = 4; lastKnownFileType = sourcecode.c.h; name = FCNetwork.h; path = src/model/FCNetwork.h; sourceTree = "<group>"; };
		0AAD582E165EE52E009E250F /* FCNetwork.m */ = {isa = PBXFileReference; fileEncoding = 4; lastKnownFileType = sourcecode.c.objc; name = FCNetwork.m; path = src/model/FCNetwork.m; sourceTree = "<group>"; };
		0AAD585B165EFF6B009E250F /* FCCatalogViewController.h */ = {isa = PBXFileReference; lastKnownFileType = sourcecode.c.h; path = FCCatalogViewController.h; sourceTree = "<group>"; };
		0AAD585C165EFF6B009E250F /* FCCatalogViewController.m */ = {isa = PBXFileReference; lastKnownFileType = sourcecode.c.objc; path = FCCatalogViewController.m; sourceTree = "<group>"; };
		0AAD585D165EFF75009E250F /* FCGiftNavigationController.h */ = {isa = PBXFileReference; lastKnownFileType = sourcecode.c.h; path = FCGiftNavigationController.h; sourceTree = "<group>"; };
		0AAD585E165EFF75009E250F /* FCGiftNavigationController.m */ = {isa = PBXFileReference; lastKnownFileType = sourcecode.c.objc; path = FCGiftNavigationController.m; sourceTree = "<group>"; };
		0AAD5862165EFFA3009E250F /* FCImageView.h */ = {isa = PBXFileReference; fileEncoding = 4; lastKnownFileType = sourcecode.c.h; path = FCImageView.h; sourceTree = "<group>"; };
		0AAD5863165EFFA3009E250F /* FCImageView.m */ = {isa = PBXFileReference; fileEncoding = 4; lastKnownFileType = sourcecode.c.objc; path = FCImageView.m; sourceTree = "<group>"; };
		0AAD5865165EFFB3009E250F /* FCPeopleNavigationController.h */ = {isa = PBXFileReference; lastKnownFileType = sourcecode.c.h; path = FCPeopleNavigationController.h; sourceTree = "<group>"; };
		0AAD5866165EFFB3009E250F /* FCPeopleNavigationController.m */ = {isa = PBXFileReference; lastKnownFileType = sourcecode.c.objc; path = FCPeopleNavigationController.m; sourceTree = "<group>"; };
		0AAD5887165F642B009E250F /* FCProduct.h */ = {isa = PBXFileReference; fileEncoding = 4; lastKnownFileType = sourcecode.c.h; name = FCProduct.h; path = src/model/FCProduct.h; sourceTree = "<group>"; };
		0AAD5888165F642B009E250F /* FCProduct.m */ = {isa = PBXFileReference; fileEncoding = 4; lastKnownFileType = sourcecode.c.objc; name = FCProduct.m; path = src/model/FCProduct.m; sourceTree = "<group>"; };
		0AAD588B165F6510009E250F /* FCVendor.h */ = {isa = PBXFileReference; fileEncoding = 4; lastKnownFileType = sourcecode.c.h; name = FCVendor.h; path = src/model/FCVendor.h; sourceTree = "<group>"; };
		0AAD588C165F6510009E250F /* FCVendor.m */ = {isa = PBXFileReference; fileEncoding = 4; lastKnownFileType = sourcecode.c.objc; name = FCVendor.m; path = src/model/FCVendor.m; sourceTree = "<group>"; };
		0AAD58AF165F69A3009E250F /* FCCatalog.h */ = {isa = PBXFileReference; fileEncoding = 4; lastKnownFileType = sourcecode.c.h; name = FCCatalog.h; path = src/model/FCCatalog.h; sourceTree = "<group>"; };
		0AAD58B0165F69A3009E250F /* FCCatalog.m */ = {isa = PBXFileReference; fileEncoding = 4; lastKnownFileType = sourcecode.c.objc; name = FCCatalog.m; path = src/model/FCCatalog.m; sourceTree = "<group>"; };
		0AAD58B316603839009E250F /* FCProductCategory.h */ = {isa = PBXFileReference; fileEncoding = 4; lastKnownFileType = sourcecode.c.h; name = FCProductCategory.h; path = src/model/FCProductCategory.h; sourceTree = "<group>"; };
		0AAD58B416603839009E250F /* FCProductCategory.m */ = {isa = PBXFileReference; fileEncoding = 4; lastKnownFileType = sourcecode.c.objc; name = FCProductCategory.m; path = src/model/FCProductCategory.m; sourceTree = "<group>"; };
		0AC820FB16674B4C0011F5AB /* textboxbg.png */ = {isa = PBXFileReference; lastKnownFileType = image.png; name = textboxbg.png; path = img/textboxbg.png; sourceTree = "<group>"; };
		0AC820FC16674B4C0011F5AB /* textboxbg@2x.png */ = {isa = PBXFileReference; lastKnownFileType = image.png; name = "textboxbg@2x.png"; path = "img/textboxbg@2x.png"; sourceTree = "<group>"; };
		0ADF459A1664BA4200E0C0FA /* FCSplashViewController.h */ = {isa = PBXFileReference; fileEncoding = 4; lastKnownFileType = sourcecode.c.h; path = FCSplashViewController.h; sourceTree = "<group>"; };
		0ADF459B1664BA4200E0C0FA /* FCSplashViewController.m */ = {isa = PBXFileReference; fileEncoding = 4; lastKnownFileType = sourcecode.c.objc; path = FCSplashViewController.m; sourceTree = "<group>"; };
		0ADF459E1664BC1900E0C0FA /* QuartzCore.framework */ = {isa = PBXFileReference; lastKnownFileType = wrapper.framework; name = QuartzCore.framework; path = System/Library/Frameworks/QuartzCore.framework; sourceTree = SDKROOT; };
		0ADF45A11664C0C900E0C0FA /* givairlarge.png */ = {isa = PBXFileReference; lastKnownFileType = image.png; name = givairlarge.png; path = img/givairlarge.png; sourceTree = "<group>"; };
		0ADF45A21664C0C900E0C0FA /* givairlarge@2x.png */ = {isa = PBXFileReference; lastKnownFileType = image.png; name = "givairlarge@2x.png"; path = "img/givairlarge@2x.png"; sourceTree = "<group>"; };
		0AE9B4EB166206A4009D6B5B /* MYRIADAS.TTF */ = {isa = PBXFileReference; lastKnownFileType = file; name = MYRIADAS.TTF; path = img/MYRIADAS.TTF; sourceTree = "<group>"; };
		0AE9B4ED166208DC009D6B5B /* MYRIADAB.TTF */ = {isa = PBXFileReference; lastKnownFileType = file; name = MYRIADAB.TTF; path = img/MYRIADAB.TTF; sourceTree = "<group>"; };
		4084823B16B8C92D00E31C3C /* PullableView.h */ = {isa = PBXFileReference; fileEncoding = 4; lastKnownFileType = sourcecode.c.h; path = PullableView.h; sourceTree = "<group>"; };
		4084823C16B8C92D00E31C3C /* PullableView.m */ = {isa = PBXFileReference; fileEncoding = 4; lastKnownFileType = sourcecode.c.objc; path = PullableView.m; sourceTree = "<group>"; };
		4084823D16B8C92D00E31C3C /* StyledPullableView.h */ = {isa = PBXFileReference; fileEncoding = 4; lastKnownFileType = sourcecode.c.h; path = StyledPullableView.h; sourceTree = "<group>"; };
		4084823E16B8C92D00E31C3C /* StyledPullableView.m */ = {isa = PBXFileReference; fileEncoding = 4; lastKnownFileType = sourcecode.c.objc; path = StyledPullableView.m; sourceTree = "<group>"; };
		4084824116B8D2FB00E31C3C /* background.png */ = {isa = PBXFileReference; lastKnownFileType = image.png; path = background.png; sourceTree = "<group>"; };
		4084824216B8D2FB00E31C3C /* background@2x.png */ = {isa = PBXFileReference; lastKnownFileType = image.png; path = "background@2x.png"; sourceTree = "<group>"; };
/* End PBXFileReference section */

/* Begin PBXFrameworksBuildPhase section */
		0A85E8DF165C9FAC00983D56 /* Frameworks */ = {
			isa = PBXFrameworksBuildPhase;
			buildActionMask = 2147483647;
			files = (
				0ADF45A01664BC2600E0C0FA /* QuartzCore.framework in Frameworks */,
				0A85E8E7165C9FAC00983D56 /* UIKit.framework in Frameworks */,
				0A85E8E9165C9FAC00983D56 /* Foundation.framework in Frameworks */,
				0A85E8EB165C9FAC00983D56 /* CoreGraphics.framework in Frameworks */,
			);
			runOnlyForDeploymentPostprocessing = 0;
		};
/* End PBXFrameworksBuildPhase section */

/* Begin PBXGroup section */
		0A30B14216615DB700CE472C /* Carousel */ = {
			isa = PBXGroup;
			children = (
				0A30B14416615E3800CE472C /* FCCarousel.h */,
				0A30B14516615E3800CE472C /* FCCarousel.m */,
				0A30B14716615EAD00CE472C /* FCCarouselBannerView.h */,
				0A30B14816615EAD00CE472C /* FCCarouselBannerView.m */,
				0A30B14A16615F0200CE472C /* FCCarouselIconView.h */,
				0A30B14B16615F0200CE472C /* FCCarouselIconView.m */,
				0A30B14D16615F6900CE472C /* FCCarouselObject.h */,
			);
			name = Carousel;
			sourceTree = "<group>";
		};
		0A691E4F165CA4F700839686 /* view */ = {
			isa = PBXGroup;
			children = (
				0AAD5835165EF074009E250F /* UIElements */,
				0AAD5804165ED986009E250F /* Gifts */,
				0AAD5805165ED999009E250F /* People */,
				0ADF459A1664BA4200E0C0FA /* FCSplashViewController.h */,
				0ADF459B1664BA4200E0C0FA /* FCSplashViewController.m */,
			);
			name = view;
			path = src/view;
			sourceTree = "<group>";
		};
		0A691E56165CA51300839686 /* model */ = {
			isa = PBXGroup;
			children = (
				0AAD58AF165F69A3009E250F /* FCCatalog.h */,
				0AAD58B0165F69A3009E250F /* FCCatalog.m */,
				0AAD5887165F642B009E250F /* FCProduct.h */,
				0AAD5888165F642B009E250F /* FCProduct.m */,
				0AAD58B316603839009E250F /* FCProductCategory.h */,
				0AAD58B416603839009E250F /* FCProductCategory.m */,
				0AAD588B165F6510009E250F /* FCVendor.h */,
				0AAD588C165F6510009E250F /* FCVendor.m */,
				0AAD5815165EDFF9009E250F /* FCImage.h */,
				0AAD5816165EDFF9009E250F /* FCImage.m */,
				0AAD582D165EE52E009E250F /* FCNetwork.h */,
				0AAD582E165EE52E009E250F /* FCNetwork.m */,
				0A1A5F47166C752D0069017A /* FCUser.h */,
				0A1A5F48166C752D0069017A /* FCUser.m */,
				0A1A5F4B166D89E80069017A /* FCGraph.h */,
				0A1A5F4C166D89E80069017A /* FCGraph.m */,
				0A1A5F64166DDDEB0069017A /* FCGift.h */,
				0A1A5F65166DDDEB0069017A /* FCGift.m */,
			);
			name = model;
			sourceTree = "<group>";
		};
		0A691E57165CA51C00839686 /* controller */ = {
			isa = PBXGroup;
			children = (
			);
			name = controller;
			sourceTree = "<group>";
		};
		0A85E8D7165C9FAC00983D56 = {
			isa = PBXGroup;
			children = (
				0A09CD45165CAB7C006DBF25 /* Icon.png */,
				0A09CD46165CAB7C006DBF25 /* Icon@2x.png */,
				0A85E8EC165C9FAC00983D56 /* Givair */,
				0A85E8E5165C9FAC00983D56 /* Frameworks */,
				0A85E8E3165C9FAC00983D56 /* Products */,
			);
			sourceTree = "<group>";
		};
		0A85E8E3165C9FAC00983D56 /* Products */ = {
			isa = PBXGroup;
			children = (
				0A85E8E2165C9FAC00983D56 /* Givair.app */,
			);
			name = Products;
			sourceTree = "<group>";
		};
		0A85E8E5165C9FAC00983D56 /* Frameworks */ = {
			isa = PBXGroup;
			children = (
				0ADF459E1664BC1900E0C0FA /* QuartzCore.framework */,
				0A85E8E6165C9FAC00983D56 /* UIKit.framework */,
				0A85E8E8165C9FAC00983D56 /* Foundation.framework */,
				0A85E8EA165C9FAC00983D56 /* CoreGraphics.framework */,
			);
			name = Frameworks;
			sourceTree = "<group>";
		};
		0A85E8EC165C9FAC00983D56 /* Givair */ = {
			isa = PBXGroup;
			children = (
				0A85E917165CA00900983D56 /* gui */,
				0A85E918165CA00E00983D56 /* img */,
				0A85E919165CA01300983D56 /* misc */,
				0A85E91A165CA02400983D56 /* src */,
			);
			path = Givair;
			sourceTree = "<group>";
		};
		0A85E917165CA00900983D56 /* gui */ = {
			isa = PBXGroup;
			children = (
				0A691E4A165CA4AF00839686 /* InfoPlist.strings */,
				0AAA544D1663367800180E7F /* FCIconCell.xib */,
			);
			name = gui;
			sourceTree = "<group>";
		};
		0A85E918165CA00E00983D56 /* img */ = {
			isa = PBXGroup;
			children = (
				4084824116B8D2FB00E31C3C /* background.png */,
				4084824216B8D2FB00E31C3C /* background@2x.png */,
				0ADF45A11664C0C900E0C0FA /* givairlarge.png */,
				0ADF45A21664C0C900E0C0FA /* givairlarge@2x.png */,
				0AC820F916674B410011F5AB /* Forms */,
				0AE9B4E91662069D009D6B5B /* Fonts */,
				0AAD5800165ED46F009E250F /* NavigationBar */,
				0AAD57FF165ED450009E250F /* TabBar */,
				0A85E91B165CA2FB00983D56 /* Default-568h@2x.png */,
				0A85E91C165CA2FB00983D56 /* Default.png */,
				0A85E91D165CA2FB00983D56 /* Default@2x.png */,
			);
			name = img;
			sourceTree = "<group>";
		};
		0A85E919165CA01300983D56 /* misc */ = {
			isa = PBXGroup;
			children = (
				0A85E929165CA46900983D56 /* Info.plist */,
				0A85E92A165CA46900983D56 /* main.m */,
				0A85E92B165CA46900983D56 /* Prefix.pch */,
			);
			name = misc;
			sourceTree = "<group>";
		};
		0A85E91A165CA02400983D56 /* src */ = {
			isa = PBXGroup;
			children = (
				0A691E58165CA55300839686 /* FCAppDelegate.h */,
				0A691E59165CA55300839686 /* FCAppDelegate.m */,
				0A691E57165CA51C00839686 /* controller */,
				0A691E56165CA51300839686 /* model */,
				0A691E4F165CA4F700839686 /* view */,
			);
			name = src;
			sourceTree = "<group>";
		};
		0AAD57FF165ED450009E250F /* TabBar */ = {
			isa = PBXGroup;
			children = (
				0AAD57FB165ED301009E250F /* tabBarPeople.png */,
				0AAD57FC165ED301009E250F /* tabBarPeople@2x.png */,
				0AAD57F7165ED2D2009E250F /* tabBarGift.png */,
				0AAD57F8165ED2D2009E250F /* tabBarGift@2x.png */,
			);
			name = TabBar;
			sourceTree = "<group>";
		};
		0AAD5800165ED46F009E250F /* NavigationBar */ = {
			isa = PBXGroup;
			children = (
				0AAD57F3165EC946009E250F /* giftsmall.png */,
				0AAD57F4165EC946009E250F /* giftsmall@2x.png */,
				0AAD57EB165EBC04009E250F /* blanknavbarbg.png */,
				0AAD57EC165EBC04009E250F /* blanknavbarbg@2x.png */,
			);
			name = NavigationBar;
			sourceTree = "<group>";
		};
		0AAD5804165ED986009E250F /* Gifts */ = {
			isa = PBXGroup;
			children = (
				0AAD585B165EFF6B009E250F /* FCCatalogViewController.h */,
				0AAD585C165EFF6B009E250F /* FCCatalogViewController.m */,
				0AA9A16D1662D9BA0082B941 /* FCProductViewController.h */,
				0AA9A16E1662D9BA0082B941 /* FCProductViewController.m */,
				0AAA5449166331FB00180E7F /* FCProductCategoryViewController.h */,
				0AAA544A166331FB00180E7F /* FCProductCategoryViewController.m */,
				0AAD585D165EFF75009E250F /* FCGiftNavigationController.h */,
				0AAD585E165EFF75009E250F /* FCGiftNavigationController.m */,
				0A362A0D166EAD9500552368 /* FCGiftListViewController.h */,
				0A362A0E166EAD9500552368 /* FCGiftListViewController.m */,
				0A362A2C166ED57800552368 /* FCRedemptionViewController.h */,
				0A362A2D166ED57800552368 /* FCRedemptionViewController.m */,
			);
			name = Gifts;
			sourceTree = "<group>";
		};
		0AAD5805165ED999009E250F /* People */ = {
			isa = PBXGroup;
			children = (
				0AAD5865165EFFB3009E250F /* FCPeopleNavigationController.h */,
				0AAD5866165EFFB3009E250F /* FCPeopleNavigationController.m */,
			);
			name = People;
			sourceTree = "<group>";
		};
		0AAD5835165EF074009E250F /* UIElements */ = {
			isa = PBXGroup;
			children = (
				4084823B16B8C92D00E31C3C /* PullableView.h */,
				4084823C16B8C92D00E31C3C /* PullableView.m */,
				4084823D16B8C92D00E31C3C /* StyledPullableView.h */,
				4084823E16B8C92D00E31C3C /* StyledPullableView.m */,
				0A30B14216615DB700CE472C /* Carousel */,
				0AAA544F16633F1100180E7F /* FCIconCell.h */,
				0AAA545016633F1100180E7F /* FCIconCell.m */,
				0AAD5862165EFFA3009E250F /* FCImageView.h */,
				0AAD5863165EFFA3009E250F /* FCImageView.m */,
				0A362A31166ED90000552368 /* FCImageNavView.h */,
				0A362A32166ED90000552368 /* FCImageNavView.m */,
			);
			name = UIElements;
			sourceTree = "<group>";
		};
		0AC820F916674B410011F5AB /* Forms */ = {
			isa = PBXGroup;
			children = (
				0A24C4BB16675B46001AE0F1 /* bluebutton.png */,
				0A24C4BC16675B46001AE0F1 /* bluebutton@2x.png */,
				0A24C4BD16675B46001AE0F1 /* graybutton.png */,
				0A24C4BE16675B46001AE0F1 /* graybutton@2x.png */,
				0AC820FB16674B4C0011F5AB /* textboxbg.png */,
				0AC820FC16674B4C0011F5AB /* textboxbg@2x.png */,
			);
			name = Forms;
			sourceTree = "<group>";
		};
		0AE9B4E91662069D009D6B5B /* Fonts */ = {
			isa = PBXGroup;
			children = (
				0AE9B4ED166208DC009D6B5B /* MYRIADAB.TTF */,
				0AE9B4EB166206A4009D6B5B /* MYRIADAS.TTF */,
			);
			name = Fonts;
			sourceTree = "<group>";
		};
/* End PBXGroup section */

/* Begin PBXNativeTarget section */
		0A85E8E1165C9FAC00983D56 /* Givair */ = {
			isa = PBXNativeTarget;
			buildConfigurationList = 0A85E914165C9FAC00983D56 /* Build configuration list for PBXNativeTarget "Givair" */;
			buildPhases = (
				0A85E8DE165C9FAC00983D56 /* Sources */,
				0A85E8DF165C9FAC00983D56 /* Frameworks */,
				0A85E8E0165C9FAC00983D56 /* Resources */,
			);
			buildRules = (
			);
			dependencies = (
			);
			name = Givair;
			productName = Givair;
			productReference = 0A85E8E2165C9FAC00983D56 /* Givair.app */;
			productType = "com.apple.product-type.application";
		};
/* End PBXNativeTarget section */

/* Begin PBXProject section */
		0A85E8D9165C9FAC00983D56 /* Project object */ = {
			isa = PBXProject;
			attributes = {
				CLASSPREFIX = FC;
				LastUpgradeCheck = 0450;
				ORGANIZATIONNAME = Fightclub;
			};
			buildConfigurationList = 0A85E8DC165C9FAC00983D56 /* Build configuration list for PBXProject "Givair" */;
			compatibilityVersion = "Xcode 3.2";
			developmentRegion = English;
			hasScannedForEncodings = 0;
			knownRegions = (
				en,
			);
			mainGroup = 0A85E8D7165C9FAC00983D56;
			productRefGroup = 0A85E8E3165C9FAC00983D56 /* Products */;
			projectDirPath = "";
			projectRoot = "";
			targets = (
				0A85E8E1165C9FAC00983D56 /* Givair */,
			);
		};
/* End PBXProject section */

/* Begin PBXResourcesBuildPhase section */
		0A85E8E0165C9FAC00983D56 /* Resources */ = {
			isa = PBXResourcesBuildPhase;
			buildActionMask = 2147483647;
			files = (
				0A85E922165CA2FB00983D56 /* Default-568h@2x.png in Resources */,
				0A85E923165CA2FB00983D56 /* Default.png in Resources */,
				0A85E924165CA2FB00983D56 /* Default@2x.png in Resources */,
				0A691E4E165CA4AF00839686 /* InfoPlist.strings in Resources */,
				0A09CD47165CAB7C006DBF25 /* Icon.png in Resources */,
				0A09CD48165CAB7C006DBF25 /* Icon@2x.png in Resources */,
				0AAD57ED165EBC04009E250F /* blanknavbarbg.png in Resources */,
				0AAD57EE165EBC04009E250F /* blanknavbarbg@2x.png in Resources */,
				0AAD57F5165EC946009E250F /* giftsmall.png in Resources */,
				0AAD57F6165EC946009E250F /* giftsmall@2x.png in Resources */,
				0AAD57F9165ED2D2009E250F /* tabBarGift.png in Resources */,
				0AAD57FA165ED2D2009E250F /* tabBarGift@2x.png in Resources */,
				0AAD57FD165ED301009E250F /* tabBarPeople.png in Resources */,
				0AAD57FE165ED301009E250F /* tabBarPeople@2x.png in Resources */,
				0AE9B4EC166206A4009D6B5B /* MYRIADAS.TTF in Resources */,
				0AE9B4EE166208DC009D6B5B /* MYRIADAB.TTF in Resources */,
				0AAA544E1663367800180E7F /* FCIconCell.xib in Resources */,
				0ADF45A31664C0C900E0C0FA /* givairlarge.png in Resources */,
				0ADF45A41664C0C900E0C0FA /* givairlarge@2x.png in Resources */,
				0AC820FD16674B4C0011F5AB /* textboxbg.png in Resources */,
				0AC820FE16674B4C0011F5AB /* textboxbg@2x.png in Resources */,
				0A24C4BF16675B46001AE0F1 /* bluebutton.png in Resources */,
				0A24C4C016675B46001AE0F1 /* bluebutton@2x.png in Resources */,
				0A24C4C116675B46001AE0F1 /* graybutton.png in Resources */,
				0A24C4C216675B46001AE0F1 /* graybutton@2x.png in Resources */,
				4084824316B8D2FB00E31C3C /* background.png in Resources */,
				4084824416B8D2FB00E31C3C /* background@2x.png in Resources */,
			);
			runOnlyForDeploymentPostprocessing = 0;
		};
/* End PBXResourcesBuildPhase section */

/* Begin PBXSourcesBuildPhase section */
		0A85E8DE165C9FAC00983D56 /* Sources */ = {
			isa = PBXSourcesBuildPhase;
			buildActionMask = 2147483647;
			files = (
				0A691E5A165CA55300839686 /* FCAppDelegate.m in Sources */,
				0A09CD3B165CA6A0006DBF25 /* main.m in Sources */,
				0AAD5889165F642B009E250F /* FCProduct.m in Sources */,
				0AAD588D165F6510009E250F /* FCVendor.m in Sources */,
				0AAD5817165EDFF9009E250F /* FCImage.m in Sources */,
				0AAD582F165EE52E009E250F /* FCNetwork.m in Sources */,
				0AAD585F165EFF86009E250F /* FCCatalogViewController.m in Sources */,
				0AAD5860165EFF89009E250F /* FCGiftNavigationController.m in Sources */,
				0AAD5867165F0024009E250F /* FCPeopleNavigationController.m in Sources */,
				0AAD5864165EFFA3009E250F /* FCImageView.m in Sources */,
				0AAD58B1165F69A3009E250F /* FCCatalog.m in Sources */,
				0AAD58B516603839009E250F /* FCProductCategory.m in Sources */,
				0A30B14616615E3800CE472C /* FCCarousel.m in Sources */,
				0A30B14916615EAD00CE472C /* FCCarouselBannerView.m in Sources */,
				0A30B14C16615F0200CE472C /* FCCarouselIconView.m in Sources */,
				0AA9A16F1662D9BA0082B941 /* FCProductViewController.m in Sources */,
				0AAA544B166331FB00180E7F /* FCProductCategoryViewController.m in Sources */,
				0AAA545116633F1100180E7F /* FCIconCell.m in Sources */,
				0A1A5F49166C752D0069017A /* FCUser.m in Sources */,
				0A1A5F4D166D89E80069017A /* FCGraph.m in Sources */,
				0A1A5F66166DDDEB0069017A /* FCGift.m in Sources */,
				0A362A0F166EAD9500552368 /* FCGiftListViewController.m in Sources */,
				0ADF459C1664BA4200E0C0FA /* FCSplashViewController.m in Sources */,
				0A362A2E166ED57800552368 /* FCRedemptionViewController.m in Sources */,
				0A362A33166ED90000552368 /* FCImageNavView.m in Sources */,
				4084823F16B8C92D00E31C3C /* PullableView.m in Sources */,
				4084824016B8C92D00E31C3C /* StyledPullableView.m in Sources */,
			);
			runOnlyForDeploymentPostprocessing = 0;
		};
/* End PBXSourcesBuildPhase section */

/* Begin PBXVariantGroup section */
		0A691E4A165CA4AF00839686 /* InfoPlist.strings */ = {
			isa = PBXVariantGroup;
			children = (
				0A691E4B165CA4AF00839686 /* en */,
			);
			name = InfoPlist.strings;
			sourceTree = "<group>";
		};
/* End PBXVariantGroup section */

/* Begin XCBuildConfiguration section */
		0A85E912165C9FAC00983D56 /* Debug */ = {
			isa = XCBuildConfiguration;
			buildSettings = {
				ALWAYS_SEARCH_USER_PATHS = NO;
				CLANG_CXX_LANGUAGE_STANDARD = "gnu++0x";
				CLANG_CXX_LIBRARY = "libc++";
				CLANG_ENABLE_OBJC_ARC = YES;
				CLANG_WARN_EMPTY_BODY = YES;
				CLANG_WARN__DUPLICATE_METHOD_MATCH = YES;
				"CODE_SIGN_IDENTITY[sdk=iphoneos*]" = "iPhone Developer";
				COPY_PHASE_STRIP = NO;
				GCC_C_LANGUAGE_STANDARD = gnu99;
				GCC_DYNAMIC_NO_PIC = NO;
				GCC_OPTIMIZATION_LEVEL = 0;
				GCC_PREPROCESSOR_DEFINITIONS = (
					"DEBUG=1",
					"$(inherited)",
				);
				GCC_SYMBOLS_PRIVATE_EXTERN = NO;
				GCC_WARN_ABOUT_RETURN_TYPE = YES;
				GCC_WARN_UNINITIALIZED_AUTOS = YES;
				GCC_WARN_UNUSED_VARIABLE = YES;
				IPHONEOS_DEPLOYMENT_TARGET = 5.0;
				ONLY_ACTIVE_ARCH = YES;
				SDKROOT = iphoneos;
			};
			name = Debug;
		};
		0A85E913165C9FAC00983D56 /* Release */ = {
			isa = XCBuildConfiguration;
			buildSettings = {
				ALWAYS_SEARCH_USER_PATHS = NO;
				CLANG_CXX_LANGUAGE_STANDARD = "gnu++0x";
				CLANG_CXX_LIBRARY = "libc++";
				CLANG_ENABLE_OBJC_ARC = YES;
				CLANG_WARN_EMPTY_BODY = YES;
				CLANG_WARN__DUPLICATE_METHOD_MATCH = YES;
				"CODE_SIGN_IDENTITY[sdk=iphoneos*]" = "iPhone Developer";
				COPY_PHASE_STRIP = YES;
				GCC_C_LANGUAGE_STANDARD = gnu99;
				GCC_WARN_ABOUT_RETURN_TYPE = YES;
				GCC_WARN_UNINITIALIZED_AUTOS = YES;
				GCC_WARN_UNUSED_VARIABLE = YES;
				IPHONEOS_DEPLOYMENT_TARGET = 5.0;
				OTHER_CFLAGS = "-DNS_BLOCK_ASSERTIONS=1";
				SDKROOT = iphoneos;
				VALIDATE_PRODUCT = YES;
			};
			name = Release;
		};
		0A85E915165C9FAC00983D56 /* Debug */ = {
			isa = XCBuildConfiguration;
			buildSettings = {
				GCC_PRECOMPILE_PREFIX_HEADER = YES;
				GCC_PREFIX_HEADER = Givair/misc/Prefix.pch;
				INFOPLIST_FILE = "$(SRCROOT)/Givair/misc/Info.plist";
				PRODUCT_NAME = "$(TARGET_NAME)";
				WRAPPER_EXTENSION = app;
			};
			name = Debug;
		};
		0A85E916165C9FAC00983D56 /* Release */ = {
			isa = XCBuildConfiguration;
			buildSettings = {
				GCC_PRECOMPILE_PREFIX_HEADER = YES;
				GCC_PREFIX_HEADER = Givair/misc/Prefix.pch;
				INFOPLIST_FILE = "$(SRCROOT)/Givair/misc/Info.plist";
				PRODUCT_NAME = "$(TARGET_NAME)";
				WRAPPER_EXTENSION = app;
			};
			name = Release;
		};
/* End XCBuildConfiguration section */

/* Begin XCConfigurationList section */
		0A85E8DC165C9FAC00983D56 /* Build configuration list for PBXProject "Givair" */ = {
			isa = XCConfigurationList;
			buildConfigurations = (
				0A85E912165C9FAC00983D56 /* Debug */,
				0A85E913165C9FAC00983D56 /* Release */,
			);
			defaultConfigurationIsVisible = 0;
			defaultConfigurationName = Release;
		};
		0A85E914165C9FAC00983D56 /* Build configuration list for PBXNativeTarget "Givair" */ = {
			isa = XCConfigurationList;
			buildConfigurations = (
				0A85E915165C9FAC00983D56 /* Debug */,
				0A85E916165C9FAC00983D56 /* Release */,
			);
			defaultConfigurationIsVisible = 0;
			defaultConfigurationName = Release;
		};
/* End XCConfigurationList section */
	};
	rootObject = 0A85E8D9165C9FAC00983D56 /* Project object */;
}
